
Microsoft Visual Studio Solution File, Format Version 12.00
Project("{2150E333-8FDC-42A3-9474-1A3956D46DE8}") = "src", "src", "{C22EE923-6AE4-45A8-9BFF-4D623A78314B}"
EndProject
Project("{2150E333-8FDC-42A3-9474-1A3956D46DE8}") = "tests", "tests", "{6C3F4E52-2D7B-4337-BD96-96A844AC1C23}"
EndProject
Project("{2150E333-8FDC-42A3-9474-1A3956D46DE8}") = "API", "API", "{01F8E560-8C80-456D-97CE-52F0344D6026}"
EndProject
Project("{2150E333-8FDC-42A3-9474-1A3956D46DE8}") = "Core", "Core", "{F8DB90B7-732E-4B65-AA5F-2FEA9B72BF6C}"
EndProject
Project("{2150E333-8FDC-42A3-9474-1A3956D46DE8}") = "Infrastructure", "Infrastructure", "{D5B0EE41-7CE0-4E0C-8034-F1B1B55F883B}"
EndProject
Project("{2150E333-8FDC-42A3-9474-1A3956D46DE8}") = "UI", "UI", "{EF94C84E-60E1-4B8A-A98C-6881177E2F5E}"
EndProject
Project("{FAE04EC0-301F-11D3-BF4B-00C04F79EFBC}") = "HorrorRec.Application", "HorrorRec.Application\HorrorRec.Application.csproj", "{5129AEBF-7E8D-4820-9528-78FFB67237FE}"
EndProject
Project("{FAE04EC0-301F-11D3-BF4B-00C04F79EFBC}") = "HorrorRec.Domain", "HorrorRec.Domain\HorrorRec.Domain.csproj", "{B2F777BE-91EA-4684-AC1A-2181062F7FF1}"
EndProject
Global
	GlobalSection(SolutionConfigurationPlatforms) = preSolution
		Debug|Any CPU = Debug|Any CPU
		Release|Any CPU = Release|Any CPU
	EndGlobalSection
	GlobalSection(NestedProjects) = preSolution
		{01F8E560-8C80-456D-97CE-52F0344D6026} = {C22EE923-6AE4-45A8-9BFF-4D623A78314B}
		{F8DB90B7-732E-4B65-AA5F-2FEA9B72BF6C} = {C22EE923-6AE4-45A8-9BFF-4D623A78314B}
		{D5B0EE41-7CE0-4E0C-8034-F1B1B55F883B} = {C22EE923-6AE4-45A8-9BFF-4D623A78314B}
		{EF94C84E-60E1-4B8A-A98C-6881177E2F5E} = {C22EE923-6AE4-45A8-9BFF-4D623A78314B}
		{5129AEBF-7E8D-4820-9528-78FFB67237FE} = {F8DB90B7-732E-4B65-AA5F-2FEA9B72BF6C}
		{B2F777BE-91EA-4684-AC1A-2181062F7FF1} = {F8DB90B7-732E-4B65-AA5F-2FEA9B72BF6C}
	EndGlobalSection
	GlobalSection(ProjectConfigurationPlatforms) = postSolution
		{5129AEBF-7E8D-4820-9528-78FFB67237FE}.Debug|Any CPU.ActiveCfg = Debug|Any CPU
		{5129AEBF-7E8D-4820-9528-78FFB67237FE}.Debug|Any CPU.Build.0 = Debug|Any CPU
		{5129AEBF-7E8D-4820-9528-78FFB67237FE}.Release|Any CPU.ActiveCfg = Release|Any CPU
		{5129AEBF-7E8D-4820-9528-78FFB67237FE}.Release|Any CPU.Build.0 = Release|Any CPU
		{B2F777BE-91EA-4684-AC1A-2181062F7FF1}.Debug|Any CPU.ActiveCfg = Debug|Any CPU
		{B2F777BE-91EA-4684-AC1A-2181062F7FF1}.Debug|Any CPU.Build.0 = Debug|Any CPU
		{B2F777BE-91EA-4684-AC1A-2181062F7FF1}.Release|Any CPU.ActiveCfg = Release|Any CPU
		{B2F777BE-91EA-4684-AC1A-2181062F7FF1}.Release|Any CPU.Build.0 = Release|Any CPU
	EndGlobalSection
EndGlobal
